
Microsoft Visual Studio Solution File, Format Version 12.00
# Visual Studio Version 17
VisualStudioVersion = 17.8.34511.84
MinimumVisualStudioVersion = 10.0.40219.1
Project("{9A19103F-16F7-4668-BE54-9A1E7A4F7556}") = "Telefonu uzrasine", "Telefonu uzrasine\Telefonu uzrasine.csproj", "{74880E38-8CD9-4D2D-8CCE-1CD719860DDD}"
EndProject
Global
	GlobalSection(SolutionConfigurationPlatforms) = preSolution
		Debug|Any CPU = Debug|Any CPU
		Release|Any CPU = Release|Any CPU
	EndGlobalSection
	GlobalSection(ProjectConfigurationPlatforms) = postSolution
		{74880E38-8CD9-4D2D-8CCE-1CD719860DDD}.Debug|Any CPU.ActiveCfg = Debug|Any CPU
		{74880E38-8CD9-4D2D-8CCE-1CD719860DDD}.Debug|Any CPU.Build.0 = Debug|Any CPU
		{74880E38-8CD9-4D2D-8CCE-1CD719860DDD}.Release|Any CPU.ActiveCfg = Release|Any CPU
		{74880E38-8CD9-4D2D-8CCE-1CD719860DDD}.Release|Any CPU.Build.0 = Release|Any CPU
	EndGlobalSection
	GlobalSection(SolutionProperties) = preSolution
		HideSolutionNode = FALSE
	EndGlobalSection
	GlobalSection(ExtensibilityGlobals) = postSolution
		SolutionGuid = {19A8203B-2F1B-4BC1-9817-7DA6C20EBEE4}
	EndGlobalSection
EndGlobal
